
Microsoft Visual Studio Solution File, Format Version 12.00
# Visual Studio 15
VisualStudioVersion = 15.0.27004.2010
MinimumVisualStudioVersion = 10.0.40219.1
Project("{8BC9CEB8-8B4A-11D0-8D11-00A0C91BC942}") = "SIM900library", "SIM900library\SIM900library.vcxproj", "{A62B1FED-A9FA-4561-A4AD-BDF26FFB89F5}"
EndProject
Project("{8BC9CEB8-8B4A-11D0-8D11-00A0C91BC942}") = "SIM900GPRS", "SIM900GPRS\SIM900GPRS.vcxproj", "{EB6CE9A8-6CBE-450F-8165-5CE5A6B4E422}"
EndProject
Project("{8BC9CEB8-8B4A-11D0-8D11-00A0C91BC942}") = "thingeriot", "thingeriot\thingeriot.vcxproj", "{82060403-6DB6-4070-8F05-6DB18081B10D}"
EndProject
Project("{8BC9CEB8-8B4A-11D0-8D11-00A0C91BC942}") = "SMS", "SMS\SMS.vcxproj", "{E094D8B3-4FAE-4F95-BA83-5918D82E8E59}"
EndProject
Project("{8BC9CEB8-8B4A-11D0-8D11-00A0C91BC942}") = "MAIl_V1", "MAIL_V1\MAIL_V1.vcxproj", "{C5F80730-F44F-4478-BDAE-6634EFC2CA88}"
EndProject
Project("{8BC9CEB8-8B4A-11D0-8D11-00A0C91BC942}") = "MAIL_V2", "MAIL_V2\MAIL_V2.vcxproj", "{C6406559-B2E2-4203-BBDD-AEDA001A7EE5}"
EndProject
Project("{8BC9CEB8-8B4A-11D0-8D11-00A0C91BC942}") = "MAIL_V3", "MAIL_V3\MAIL_V3.vcxproj", "{85528D7D-E4B8-4C8B-B373-9B71F331D693}"
EndProject
Project("{8BC9CEB8-8B4A-11D0-8D11-00A0C91BC942}") = "SMS_V1", "SMS_V1\SMS_V1.vcxproj", "{FB88F495-0732-4E05-B5FA-ABA96F1AC4AC}"
EndProject
Project("{8BC9CEB8-8B4A-11D0-8D11-00A0C91BC942}") = "SMS_V2", "SMS_V2\SMS_V2.vcxproj", "{C6127E38-24EF-4636-B2B7-71D2D5AEDD49}"
EndProject
Project("{8BC9CEB8-8B4A-11D0-8D11-00A0C91BC942}") = "CALIB_V1", "CALIB_V1\CALIB_V1.vcxproj", "{36F0921C-5960-4F92-A0F5-33B1FC3FEB31}"
EndProject
Project("{8BC9CEB8-8B4A-11D0-8D11-00A0C91BC942}") = "IOT_V1", "IOT_V1\IOT_V1.vcxproj", "{BD560963-5E11-4D65-9024-A491EF9920C9}"
EndProject
Project("{8BC9CEB8-8B4A-11D0-8D11-00A0C91BC942}") = "IOT_V2", "IOT_V2\IOT_V2.vcxproj", "{12522535-1A95-4E25-9214-64A577512BD8}"
EndProject
Project("{8BC9CEB8-8B4A-11D0-8D11-00A0C91BC942}") = "IOT_V3", "IOT_V3\IOT_V3.vcxproj", "{A86741A5-48AB-4AD2-980B-A504D4AF5BA4}"
EndProject
Project("{8BC9CEB8-8B4A-11D0-8D11-00A0C91BC942}") = "SMS_V3", "SMS_V3\SMS_V3.vcxproj", "{08337461-974E-440A-9CBF-57688C8A66B3}"
EndProject
Project("{8BC9CEB8-8B4A-11D0-8D11-00A0C91BC942}") = "SMS_V4", "SMS_V4\SMS_V4.vcxproj", "{8B1D9D92-5B7A-4A08-8A77-71BC1AFF0212}"
EndProject
Project("{8BC9CEB8-8B4A-11D0-8D11-00A0C91BC942}") = "IOT_V4", "IOT_V4\IOT_V4.vcxproj", "{4A4CF2CA-2EE5-4D8D-8278-2AA09E52A6F2}"
EndProject
Project("{8BC9CEB8-8B4A-11D0-8D11-00A0C91BC942}") = "IOT_V5", "IOT_V5\IOT_V5.vcxproj", "{CD14C587-4B20-4ADD-9572-F92375DD3CC8}"
EndProject
Project("{8BC9CEB8-8B4A-11D0-8D11-00A0C91BC942}") = "IOT_V6", "IOT_V6\IOT_V6.vcxproj", "{182C4837-165A-4F62-8073-9B839AABF38B}"
EndProject
Project("{8BC9CEB8-8B4A-11D0-8D11-00A0C91BC942}") = "IOT_V7", "IOT_V7\IOT_V7.vcxproj", "{067008AB-C5FB-414F-94D9-72FD2E20D4B1}"
EndProject
Project("{8BC9CEB8-8B4A-11D0-8D11-00A0C91BC942}") = "IOT_V8", "IOT_V8\IOT_V8.vcxproj", "{793787F7-0715-4188-8D91-B4A44EFF5B71}"
EndProject
Project("{8BC9CEB8-8B4A-11D0-8D11-00A0C91BC942}") = "IOT_V9", "IOT_V9\IOT_V9.vcxproj", "{574E57BF-9632-4EBF-81DB-594B89EFB64F}"
EndProject
Project("{8BC9CEB8-8B4A-11D0-8D11-00A0C91BC942}") = "SMS_Operator_V1", "SMS_Operator_V1\SMS_Operator_V1.vcxproj", "{EB750C80-E22C-4C9C-B500-1D800EA27FE7}"
EndProject
Project("{8BC9CEB8-8B4A-11D0-8D11-00A0C91BC942}") = "HTTP_V1", "HTTP_V1\HTTP_V1.vcxproj", "{501B2E8C-3734-4BCF-B5DF-F4D30D74217C}"
EndProject
Project("{8BC9CEB8-8B4A-11D0-8D11-00A0C91BC942}") = "HTTP_V2", "HTTP_V2\HTTP_V2.vcxproj", "{D379B122-1F99-4D18-9238-4CC699D1AA55}"
EndProject
Project("{8BC9CEB8-8B4A-11D0-8D11-00A0C91BC942}") = "HTTP_V1bis", "HTTP_V1bis\HTTP_V1bis.vcxproj", "{BE48D2AD-ACA7-4F12-8742-CFCEBE14E55B}"
EndProject
Project("{8BC9CEB8-8B4A-11D0-8D11-00A0C91BC942}") = "HTTP_V3", "HTTP_V3\HTTP_V3.vcxproj", "{7AA34186-CC8B-4776-8341-B291551355B0}"
EndProject
Project("{8BC9CEB8-8B4A-11D0-8D11-00A0C91BC942}") = "HTTP_SMS_EMON_1", "HTTP_SMS_EMON_1\HTTP_SMS_EMON_1.vcxproj", "{D5A16E08-D45C-4804-930D-374B96B4BB68}"
EndProject
Project("{8BC9CEB8-8B4A-11D0-8D11-00A0C91BC942}") = "HTTP_SMS_EMON_2", "HTTP_SMS_EMON_2\HTTP_SMS_EMON_2.vcxproj", "{331FF510-B5FC-47A7-A44E-DF07DBD6BABE}"
EndProject
Project("{8BC9CEB8-8B4A-11D0-8D11-00A0C91BC942}") = "HTTP_SMS_EMON_3", "HHTP_SMS_EMON_3\HHTP_SMS_EMON_3.vcxproj", "{CB9AA0C8-987E-4CC9-B503-A240B108EA59}"
EndProject
Project("{8BC9CEB8-8B4A-11D0-8D11-00A0C91BC942}") = "HTTP_SMS_EMON_4", "HTTP_SMS_EMON_4\HTTP_SMS_EMON_4.vcxproj", "{D5579280-82F3-4681-AD8C-D167C0A1D8DB}"
EndProject
Project("{8BC9CEB8-8B4A-11D0-8D11-00A0C91BC942}") = "HTTP_SMS_EMON_HEROKU_1", "HTTP_SMS_EMON_HEROKU_1\HTTP_SMS_EMON_HEROKU_1.vcxproj", "{7616D302-58A9-437A-B489-2C50182DF0B2}"
EndProject
Project("{8BC9CEB8-8B4A-11D0-8D11-00A0C91BC942}") = "DO_NOTHING", "DO_NOTHING\DO_NOTHING.vcxproj", "{FA228486-FB0E-4342-AB37-398B40BD2CFD}"
EndProject
Project("{8BC9CEB8-8B4A-11D0-8D11-00A0C91BC942}") = "AT_CMD", "AT_CMD\AT_CMD.vcxproj", "{064FD134-7DF9-46FC-8DB4-4473AEB4057D}"
EndProject
Global
	GlobalSection(SolutionConfigurationPlatforms) = preSolution
		Debug|x86 = Debug|x86
		Release|x86 = Release|x86
	EndGlobalSection
	GlobalSection(ProjectConfigurationPlatforms) = postSolution
		{A62B1FED-A9FA-4561-A4AD-BDF26FFB89F5}.Debug|x86.ActiveCfg = Debug|Win32
		{A62B1FED-A9FA-4561-A4AD-BDF26FFB89F5}.Debug|x86.Build.0 = Debug|Win32
		{A62B1FED-A9FA-4561-A4AD-BDF26FFB89F5}.Release|x86.ActiveCfg = Release|Win32
		{A62B1FED-A9FA-4561-A4AD-BDF26FFB89F5}.Release|x86.Build.0 = Release|Win32
		{EB6CE9A8-6CBE-450F-8165-5CE5A6B4E422}.Debug|x86.ActiveCfg = Debug|Win32
		{EB6CE9A8-6CBE-450F-8165-5CE5A6B4E422}.Debug|x86.Build.0 = Debug|Win32
		{EB6CE9A8-6CBE-450F-8165-5CE5A6B4E422}.Release|x86.ActiveCfg = Release|Win32
		{EB6CE9A8-6CBE-450F-8165-5CE5A6B4E422}.Release|x86.Build.0 = Release|Win32
		{82060403-6DB6-4070-8F05-6DB18081B10D}.Debug|x86.ActiveCfg = Debug|Win32
		{82060403-6DB6-4070-8F05-6DB18081B10D}.Debug|x86.Build.0 = Debug|Win32
		{82060403-6DB6-4070-8F05-6DB18081B10D}.Release|x86.ActiveCfg = Release|Win32
		{82060403-6DB6-4070-8F05-6DB18081B10D}.Release|x86.Build.0 = Release|Win32
		{E094D8B3-4FAE-4F95-BA83-5918D82E8E59}.Debug|x86.ActiveCfg = Debug|Win32
		{E094D8B3-4FAE-4F95-BA83-5918D82E8E59}.Debug|x86.Build.0 = Debug|Win32
		{E094D8B3-4FAE-4F95-BA83-5918D82E8E59}.Release|x86.ActiveCfg = Release|Win32
		{E094D8B3-4FAE-4F95-BA83-5918D82E8E59}.Release|x86.Build.0 = Release|Win32
		{C5F80730-F44F-4478-BDAE-6634EFC2CA88}.Debug|x86.ActiveCfg = Debug|Win32
		{C5F80730-F44F-4478-BDAE-6634EFC2CA88}.Debug|x86.Build.0 = Debug|Win32
		{C5F80730-F44F-4478-BDAE-6634EFC2CA88}.Release|x86.ActiveCfg = Release|Win32
		{C5F80730-F44F-4478-BDAE-6634EFC2CA88}.Release|x86.Build.0 = Release|Win32
		{C6406559-B2E2-4203-BBDD-AEDA001A7EE5}.Debug|x86.ActiveCfg = Debug|Win32
		{C6406559-B2E2-4203-BBDD-AEDA001A7EE5}.Debug|x86.Build.0 = Debug|Win32
		{C6406559-B2E2-4203-BBDD-AEDA001A7EE5}.Release|x86.ActiveCfg = Release|Win32
		{C6406559-B2E2-4203-BBDD-AEDA001A7EE5}.Release|x86.Build.0 = Release|Win32
		{85528D7D-E4B8-4C8B-B373-9B71F331D693}.Debug|x86.ActiveCfg = Debug|Win32
		{85528D7D-E4B8-4C8B-B373-9B71F331D693}.Debug|x86.Build.0 = Debug|Win32
		{85528D7D-E4B8-4C8B-B373-9B71F331D693}.Release|x86.ActiveCfg = Release|Win32
		{85528D7D-E4B8-4C8B-B373-9B71F331D693}.Release|x86.Build.0 = Release|Win32
		{FB88F495-0732-4E05-B5FA-ABA96F1AC4AC}.Debug|x86.ActiveCfg = Debug|Win32
		{FB88F495-0732-4E05-B5FA-ABA96F1AC4AC}.Debug|x86.Build.0 = Debug|Win32
		{FB88F495-0732-4E05-B5FA-ABA96F1AC4AC}.Release|x86.ActiveCfg = Release|Win32
		{FB88F495-0732-4E05-B5FA-ABA96F1AC4AC}.Release|x86.Build.0 = Release|Win32
		{C6127E38-24EF-4636-B2B7-71D2D5AEDD49}.Debug|x86.ActiveCfg = Debug|Win32
		{C6127E38-24EF-4636-B2B7-71D2D5AEDD49}.Debug|x86.Build.0 = Debug|Win32
		{C6127E38-24EF-4636-B2B7-71D2D5AEDD49}.Release|x86.ActiveCfg = Release|Win32
		{C6127E38-24EF-4636-B2B7-71D2D5AEDD49}.Release|x86.Build.0 = Release|Win32
		{36F0921C-5960-4F92-A0F5-33B1FC3FEB31}.Debug|x86.ActiveCfg = Debug|Win32
		{36F0921C-5960-4F92-A0F5-33B1FC3FEB31}.Debug|x86.Build.0 = Debug|Win32
		{36F0921C-5960-4F92-A0F5-33B1FC3FEB31}.Release|x86.ActiveCfg = Release|Win32
		{36F0921C-5960-4F92-A0F5-33B1FC3FEB31}.Release|x86.Build.0 = Release|Win32
		{BD560963-5E11-4D65-9024-A491EF9920C9}.Debug|x86.ActiveCfg = Debug|Win32
		{BD560963-5E11-4D65-9024-A491EF9920C9}.Debug|x86.Build.0 = Debug|Win32
		{BD560963-5E11-4D65-9024-A491EF9920C9}.Release|x86.ActiveCfg = Release|Win32
		{BD560963-5E11-4D65-9024-A491EF9920C9}.Release|x86.Build.0 = Release|Win32
		{12522535-1A95-4E25-9214-64A577512BD8}.Debug|x86.ActiveCfg = Debug|Win32
		{12522535-1A95-4E25-9214-64A577512BD8}.Debug|x86.Build.0 = Debug|Win32
		{12522535-1A95-4E25-9214-64A577512BD8}.Release|x86.ActiveCfg = Release|Win32
		{12522535-1A95-4E25-9214-64A577512BD8}.Release|x86.Build.0 = Release|Win32
		{A86741A5-48AB-4AD2-980B-A504D4AF5BA4}.Debug|x86.ActiveCfg = Debug|Win32
		{A86741A5-48AB-4AD2-980B-A504D4AF5BA4}.Debug|x86.Build.0 = Debug|Win32
		{A86741A5-48AB-4AD2-980B-A504D4AF5BA4}.Release|x86.ActiveCfg = Release|Win32
		{A86741A5-48AB-4AD2-980B-A504D4AF5BA4}.Release|x86.Build.0 = Release|Win32
		{08337461-974E-440A-9CBF-57688C8A66B3}.Debug|x86.ActiveCfg = Debug|Win32
		{08337461-974E-440A-9CBF-57688C8A66B3}.Debug|x86.Build.0 = Debug|Win32
		{08337461-974E-440A-9CBF-57688C8A66B3}.Release|x86.ActiveCfg = Release|Win32
		{08337461-974E-440A-9CBF-57688C8A66B3}.Release|x86.Build.0 = Release|Win32
		{8B1D9D92-5B7A-4A08-8A77-71BC1AFF0212}.Debug|x86.ActiveCfg = Debug|Win32
		{8B1D9D92-5B7A-4A08-8A77-71BC1AFF0212}.Debug|x86.Build.0 = Debug|Win32
		{8B1D9D92-5B7A-4A08-8A77-71BC1AFF0212}.Release|x86.ActiveCfg = Release|Win32
		{8B1D9D92-5B7A-4A08-8A77-71BC1AFF0212}.Release|x86.Build.0 = Release|Win32
		{4A4CF2CA-2EE5-4D8D-8278-2AA09E52A6F2}.Debug|x86.ActiveCfg = Debug|Win32
		{4A4CF2CA-2EE5-4D8D-8278-2AA09E52A6F2}.Debug|x86.Build.0 = Debug|Win32
		{4A4CF2CA-2EE5-4D8D-8278-2AA09E52A6F2}.Release|x86.ActiveCfg = Release|Win32
		{4A4CF2CA-2EE5-4D8D-8278-2AA09E52A6F2}.Release|x86.Build.0 = Release|Win32
		{CD14C587-4B20-4ADD-9572-F92375DD3CC8}.Debug|x86.ActiveCfg = Debug|Win32
		{CD14C587-4B20-4ADD-9572-F92375DD3CC8}.Debug|x86.Build.0 = Debug|Win32
		{CD14C587-4B20-4ADD-9572-F92375DD3CC8}.Release|x86.ActiveCfg = Release|Win32
		{CD14C587-4B20-4ADD-9572-F92375DD3CC8}.Release|x86.Build.0 = Release|Win32
		{182C4837-165A-4F62-8073-9B839AABF38B}.Debug|x86.ActiveCfg = Debug|Win32
		{182C4837-165A-4F62-8073-9B839AABF38B}.Debug|x86.Build.0 = Debug|Win32
		{182C4837-165A-4F62-8073-9B839AABF38B}.Release|x86.ActiveCfg = Release|Win32
		{182C4837-165A-4F62-8073-9B839AABF38B}.Release|x86.Build.0 = Release|Win32
		{067008AB-C5FB-414F-94D9-72FD2E20D4B1}.Debug|x86.ActiveCfg = Debug|Win32
		{067008AB-C5FB-414F-94D9-72FD2E20D4B1}.Debug|x86.Build.0 = Debug|Win32
		{067008AB-C5FB-414F-94D9-72FD2E20D4B1}.Release|x86.ActiveCfg = Release|Win32
		{067008AB-C5FB-414F-94D9-72FD2E20D4B1}.Release|x86.Build.0 = Release|Win32
		{793787F7-0715-4188-8D91-B4A44EFF5B71}.Debug|x86.ActiveCfg = Debug|Win32
		{793787F7-0715-4188-8D91-B4A44EFF5B71}.Debug|x86.Build.0 = Debug|Win32
		{793787F7-0715-4188-8D91-B4A44EFF5B71}.Release|x86.ActiveCfg = Release|Win32
		{793787F7-0715-4188-8D91-B4A44EFF5B71}.Release|x86.Build.0 = Release|Win32
		{574E57BF-9632-4EBF-81DB-594B89EFB64F}.Debug|x86.ActiveCfg = Debug|Win32
		{574E57BF-9632-4EBF-81DB-594B89EFB64F}.Debug|x86.Build.0 = Debug|Win32
		{574E57BF-9632-4EBF-81DB-594B89EFB64F}.Release|x86.ActiveCfg = Release|Win32
		{574E57BF-9632-4EBF-81DB-594B89EFB64F}.Release|x86.Build.0 = Release|Win32
		{EB750C80-E22C-4C9C-B500-1D800EA27FE7}.Debug|x86.ActiveCfg = Debug|Win32
		{EB750C80-E22C-4C9C-B500-1D800EA27FE7}.Debug|x86.Build.0 = Debug|Win32
		{EB750C80-E22C-4C9C-B500-1D800EA27FE7}.Release|x86.ActiveCfg = Release|Win32
		{EB750C80-E22C-4C9C-B500-1D800EA27FE7}.Release|x86.Build.0 = Release|Win32
		{501B2E8C-3734-4BCF-B5DF-F4D30D74217C}.Debug|x86.ActiveCfg = Debug|Win32
		{501B2E8C-3734-4BCF-B5DF-F4D30D74217C}.Debug|x86.Build.0 = Debug|Win32
		{501B2E8C-3734-4BCF-B5DF-F4D30D74217C}.Release|x86.ActiveCfg = Release|Win32
		{501B2E8C-3734-4BCF-B5DF-F4D30D74217C}.Release|x86.Build.0 = Release|Win32
		{D379B122-1F99-4D18-9238-4CC699D1AA55}.Debug|x86.ActiveCfg = Debug|Win32
		{D379B122-1F99-4D18-9238-4CC699D1AA55}.Debug|x86.Build.0 = Debug|Win32
		{D379B122-1F99-4D18-9238-4CC699D1AA55}.Release|x86.ActiveCfg = Release|Win32
		{D379B122-1F99-4D18-9238-4CC699D1AA55}.Release|x86.Build.0 = Release|Win32
		{BE48D2AD-ACA7-4F12-8742-CFCEBE14E55B}.Debug|x86.ActiveCfg = Debug|Win32
		{BE48D2AD-ACA7-4F12-8742-CFCEBE14E55B}.Debug|x86.Build.0 = Debug|Win32
		{BE48D2AD-ACA7-4F12-8742-CFCEBE14E55B}.Release|x86.ActiveCfg = Release|Win32
		{BE48D2AD-ACA7-4F12-8742-CFCEBE14E55B}.Release|x86.Build.0 = Release|Win32
		{7AA34186-CC8B-4776-8341-B291551355B0}.Debug|x86.ActiveCfg = Debug|Win32
		{7AA34186-CC8B-4776-8341-B291551355B0}.Debug|x86.Build.0 = Debug|Win32
		{7AA34186-CC8B-4776-8341-B291551355B0}.Release|x86.ActiveCfg = Release|Win32
		{7AA34186-CC8B-4776-8341-B291551355B0}.Release|x86.Build.0 = Release|Win32
		{D5A16E08-D45C-4804-930D-374B96B4BB68}.Debug|x86.ActiveCfg = Debug|Win32
		{D5A16E08-D45C-4804-930D-374B96B4BB68}.Debug|x86.Build.0 = Debug|Win32
		{D5A16E08-D45C-4804-930D-374B96B4BB68}.Release|x86.ActiveCfg = Release|Win32
		{D5A16E08-D45C-4804-930D-374B96B4BB68}.Release|x86.Build.0 = Release|Win32
		{331FF510-B5FC-47A7-A44E-DF07DBD6BABE}.Debug|x86.ActiveCfg = Debug|Win32
		{331FF510-B5FC-47A7-A44E-DF07DBD6BABE}.Debug|x86.Build.0 = Debug|Win32
		{331FF510-B5FC-47A7-A44E-DF07DBD6BABE}.Release|x86.ActiveCfg = Release|Win32
		{331FF510-B5FC-47A7-A44E-DF07DBD6BABE}.Release|x86.Build.0 = Release|Win32
		{CB9AA0C8-987E-4CC9-B503-A240B108EA59}.Debug|x86.ActiveCfg = Debug|Win32
		{CB9AA0C8-987E-4CC9-B503-A240B108EA59}.Debug|x86.Build.0 = Debug|Win32
		{CB9AA0C8-987E-4CC9-B503-A240B108EA59}.Release|x86.ActiveCfg = Release|Win32
		{CB9AA0C8-987E-4CC9-B503-A240B108EA59}.Release|x86.Build.0 = Release|Win32
		{D5579280-82F3-4681-AD8C-D167C0A1D8DB}.Debug|x86.ActiveCfg = Debug|Win32
		{D5579280-82F3-4681-AD8C-D167C0A1D8DB}.Debug|x86.Build.0 = Debug|Win32
		{D5579280-82F3-4681-AD8C-D167C0A1D8DB}.Release|x86.ActiveCfg = Release|Win32
		{D5579280-82F3-4681-AD8C-D167C0A1D8DB}.Release|x86.Build.0 = Release|Win32
		{7616D302-58A9-437A-B489-2C50182DF0B2}.Debug|x86.ActiveCfg = Debug|Win32
		{7616D302-58A9-437A-B489-2C50182DF0B2}.Debug|x86.Build.0 = Debug|Win32
		{7616D302-58A9-437A-B489-2C50182DF0B2}.Release|x86.ActiveCfg = Release|Win32
		{7616D302-58A9-437A-B489-2C50182DF0B2}.Release|x86.Build.0 = Release|Win32
		{FA228486-FB0E-4342-AB37-398B40BD2CFD}.Debug|x86.ActiveCfg = Debug|Win32
		{FA228486-FB0E-4342-AB37-398B40BD2CFD}.Debug|x86.Build.0 = Debug|Win32
		{FA228486-FB0E-4342-AB37-398B40BD2CFD}.Release|x86.ActiveCfg = Release|Win32
		{FA228486-FB0E-4342-AB37-398B40BD2CFD}.Release|x86.Build.0 = Release|Win32
		{064FD134-7DF9-46FC-8DB4-4473AEB4057D}.Debug|x86.ActiveCfg = Debug|Win32
		{064FD134-7DF9-46FC-8DB4-4473AEB4057D}.Debug|x86.Build.0 = Debug|Win32
		{064FD134-7DF9-46FC-8DB4-4473AEB4057D}.Release|x86.ActiveCfg = Release|Win32
		{064FD134-7DF9-46FC-8DB4-4473AEB4057D}.Release|x86.Build.0 = Release|Win32
	EndGlobalSection
	GlobalSection(SolutionProperties) = preSolution
		HideSolutionNode = FALSE
	EndGlobalSection
	GlobalSection(ExtensibilityGlobals) = postSolution
		SolutionGuid = {AE0D3457-0425-47D5-B6D8-5AC7CB0F5E7B}
	EndGlobalSection
EndGlobal
